{
  "lib/forge-std": {
    "rev": "100b0d756adda67bc70aab816fa5a1a95dcf78b6"
  },
  "lib/openzeppelin-contracts": {
    "rev": "51ab591cd7a47446293a0d5e285792f63cbeb1ea"
  },
  "lib/openzeppelin-contracts-upgradeable": {
    "tag": {
      "name": "v5.5.0",
      "rev": "aa677e9d28ed78fc427ec47ba2baef2030c58e7c"
    }
  },
  "lib/solady": {
    "tag": {
      "name": "v0.1.26",
      "rev": "acd959aa4bd04720d640bf4e6a5c71037510cc4b"
    }
  }
}
