{
  "lib/forge-std": {
    "rev": "100b0d756adda67bc70aab816fa5a1a95dcf78b6"
  },
  "lib/openzeppelin-contracts": {
    "rev": "51ab591cd7a47446293a0d5e285792f63cbeb1ea"
  },
  "lib/openzeppelin-contracts-upgradeable": {
    "tag": {
      "name": "v5.5.0",
      "rev": "aa677e9d28ed78fc427ec47ba2baef2030c58e7c"
    }
  },
  "lib/pendle-core-v2-public": {
    "rev": "0fcebf79fa7d9eced3137c8d09829e315ed50b3c"
  },
  "lib/pendle-openzeppelin-contracts": {
    "rev": "fd81a96f01cc42ef1c9a5399364968d0e07e9e90"
  },
  "lib/pendle-sy-public": {
    "rev": "73676d931102a369a978a713abfd0b48e3e34361"
  },
  "lib/solady": {
    "tag": {
      "name": "v0.1.26",
      "rev": "acd959aa4bd04720d640bf4e6a5c71037510cc4b"
    }
  }
}
